
Microsoft Visual Studio Solution File, Format Version 12.00
# Visual Studio Version 17
VisualStudioVersion = 17.4.33103.184
MinimumVisualStudioVersion = 10.0.40219.1
Project("{FAE04EC0-301F-11D3-BF4B-00C04F79EFBC}") = "GORILLA BURGER", "Deliveroo\GORILLA BURGER.csproj", "{1D720827-D528-4DA4-BD79-25810A8CAB61}"
EndProject
Project("{FAE04EC0-301F-11D3-BF4B-00C04F79EFBC}") = "ADMIN_GORILLA_BURGER", "ADMIN_GORILLA_BURGER\ADMIN_GORILLA_BURGER.csproj", "{1603C843-67ED-47C9-9DD1-0920A1DEBD5D}"
EndProject
Project("{54435603-DBB4-11D2-8724-00A0C9A8B90C}") = "GORILLA BURGER Setup", "GORILLA BURGER Setup\GORILLA BURGER Setup.vdproj", "{4A05B55F-4C0A-443E-937E-E6C09148F404}"
EndProject
Project("{54435603-DBB4-11D2-8724-00A0C9A8B90C}") = "ADMIN GORILLA BURGER SETUP2", "ADMIN GORILLA BURGER SETUP2\ADMIN GORILLA BURGER SETUP2.vdproj", "{FBE54995-E987-499F-BE2D-84F7538F87B9}"
EndProject
Global
	GlobalSection(SolutionConfigurationPlatforms) = preSolution
		Debug|Any CPU = Debug|Any CPU
		Release|Any CPU = Release|Any CPU
	EndGlobalSection
	GlobalSection(ProjectConfigurationPlatforms) = postSolution
		{1D720827-D528-4DA4-BD79-25810A8CAB61}.Debug|Any CPU.ActiveCfg = Debug|Any CPU
		{1D720827-D528-4DA4-BD79-25810A8CAB61}.Debug|Any CPU.Build.0 = Debug|Any CPU
		{1D720827-D528-4DA4-BD79-25810A8CAB61}.Release|Any CPU.ActiveCfg = Release|Any CPU
		{1D720827-D528-4DA4-BD79-25810A8CAB61}.Release|Any CPU.Build.0 = Release|Any CPU
		{1603C843-67ED-47C9-9DD1-0920A1DEBD5D}.Debug|Any CPU.ActiveCfg = Debug|Any CPU
		{1603C843-67ED-47C9-9DD1-0920A1DEBD5D}.Debug|Any CPU.Build.0 = Debug|Any CPU
		{1603C843-67ED-47C9-9DD1-0920A1DEBD5D}.Release|Any CPU.ActiveCfg = Release|Any CPU
		{1603C843-67ED-47C9-9DD1-0920A1DEBD5D}.Release|Any CPU.Build.0 = Release|Any CPU
		{4A05B55F-4C0A-443E-937E-E6C09148F404}.Debug|Any CPU.ActiveCfg = Debug
		{4A05B55F-4C0A-443E-937E-E6C09148F404}.Release|Any CPU.ActiveCfg = Release
		{FBE54995-E987-499F-BE2D-84F7538F87B9}.Debug|Any CPU.ActiveCfg = Debug
		{FBE54995-E987-499F-BE2D-84F7538F87B9}.Release|Any CPU.ActiveCfg = Release
	EndGlobalSection
	GlobalSection(SolutionProperties) = preSolution
		HideSolutionNode = FALSE
	EndGlobalSection
	GlobalSection(ExtensibilityGlobals) = postSolution
		SolutionGuid = {998AE028-1453-43B1-BA3D-AF5913F04059}
	EndGlobalSection
EndGlobal
